// !$*UTF8*$!
{
	archiveVersion = 1;
	classes = {
	};
	objectVersion = 52;
	objects = {

/* Begin PBXBuildFile section */
		64D95EE529A167690076CD31 /* RCoordinator in Frameworks */ = {isa = PBXBuildFile; productRef = 64D95EE429A167690076CD31 /* RCoordinator */; };
		64D95EE729A16A340076CD31 /* SampleEvents.swift in Sources */ = {isa = PBXBuildFile; fileRef = 64D95EE629A16A330076CD31 /* SampleEvents.swift */; };
		64D95EF029A1AB890076CD31 /* HomeView.swift in Sources */ = {isa = PBXBuildFile; fileRef = 64D95EEF29A1AB890076CD31 /* HomeView.swift */; };
		64D95EF229A1B14F0076CD31 /* CreateAccountView.swift in Sources */ = {isa = PBXBuildFile; fileRef = 64D95EF129A1B14F0076CD31 /* CreateAccountView.swift */; };
		989ECDEA2443EE0800B5D8A7 /* AppDelegate.swift in Sources */ = {isa = PBXBuildFile; fileRef = 989ECDE92443EE0800B5D8A7 /* AppDelegate.swift */; };
		989ECDEC2443EE0800B5D8A7 /* SceneDelegate.swift in Sources */ = {isa = PBXBuildFile; fileRef = 989ECDEB2443EE0800B5D8A7 /* SceneDelegate.swift */; };
		989ECDEE2443EE0800B5D8A7 /* HomeViewController.swift in Sources */ = {isa = PBXBuildFile; fileRef = 989ECDED2443EE0800B5D8A7 /* HomeViewController.swift */; };
		989ECDF32443EE0B00B5D8A7 /* Assets.xcassets in Resources */ = {isa = PBXBuildFile; fileRef = 989ECDF22443EE0B00B5D8A7 /* Assets.xcassets */; };
		989ECE022443F0CE00B5D8A7 /* HomeCoordinator.swift in Sources */ = {isa = PBXBuildFile; fileRef = 989ECE012443F0CE00B5D8A7 /* HomeCoordinator.swift */; };
		989ECE062443F50300B5D8A7 /* BuyViewController.swift in Sources */ = {isa = PBXBuildFile; fileRef = 989ECE052443F50300B5D8A7 /* BuyViewController.swift */; };
		989ECE082443F51300B5D8A7 /* CreateAccountViewController.swift in Sources */ = {isa = PBXBuildFile; fileRef = 989ECE072443F51300B5D8A7 /* CreateAccountViewController.swift */; };
/* End PBXBuildFile section */

/* Begin PBXFileReference section */
		64D95EE229A150A70076CD31 /* RCoordinator */ = {isa = PBXFileReference; lastKnownFileType = wrapper; path = RCoordinator; sourceTree = "<group>"; };
		64D95EE629A16A330076CD31 /* SampleEvents.swift */ = {isa = PBXFileReference; lastKnownFileType = sourcecode.swift; path = SampleEvents.swift; sourceTree = "<group>"; };
		64D95EEF29A1AB890076CD31 /* HomeView.swift */ = {isa = PBXFileReference; lastKnownFileType = sourcecode.swift; path = HomeView.swift; sourceTree = "<group>"; };
		64D95EF129A1B14F0076CD31 /* CreateAccountView.swift */ = {isa = PBXFileReference; lastKnownFileType = sourcecode.swift; path = CreateAccountView.swift; sourceTree = "<group>"; };
		989ECDE62443EE0800B5D8A7 /* CoordinatorsSample.app */ = {isa = PBXFileReference; explicitFileType = wrapper.application; includeInIndex = 0; path = CoordinatorsSample.app; sourceTree = BUILT_PRODUCTS_DIR; };
		989ECDE92443EE0800B5D8A7 /* AppDelegate.swift */ = {isa = PBXFileReference; lastKnownFileType = sourcecode.swift; path = AppDelegate.swift; sourceTree = "<group>"; };
		989ECDEB2443EE0800B5D8A7 /* SceneDelegate.swift */ = {isa = PBXFileReference; lastKnownFileType = sourcecode.swift; path = SceneDelegate.swift; sourceTree = "<group>"; };
		989ECDED2443EE0800B5D8A7 /* HomeViewController.swift */ = {isa = PBXFileReference; lastKnownFileType = sourcecode.swift; path = HomeViewController.swift; sourceTree = "<group>"; };
		989ECDF22443EE0B00B5D8A7 /* Assets.xcassets */ = {isa = PBXFileReference; lastKnownFileType = folder.assetcatalog; path = Assets.xcassets; sourceTree = "<group>"; };
		989ECDF72443EE0B00B5D8A7 /* Info.plist */ = {isa = PBXFileReference; lastKnownFileType = text.plist.xml; path = Info.plist; sourceTree = "<group>"; };
		989ECE012443F0CE00B5D8A7 /* HomeCoordinator.swift */ = {isa = PBXFileReference; lastKnownFileType = sourcecode.swift; path = HomeCoordinator.swift; sourceTree = "<group>"; };
		989ECE052443F50300B5D8A7 /* BuyViewController.swift */ = {isa = PBXFileReference; lastKnownFileType = sourcecode.swift; path = BuyViewController.swift; sourceTree = "<group>"; };
		989ECE072443F51300B5D8A7 /* CreateAccountViewController.swift */ = {isa = PBXFileReference; lastKnownFileType = sourcecode.swift; path = CreateAccountViewController.swift; sourceTree = "<group>"; };
/* End PBXFileReference section */

/* Begin PBXFrameworksBuildPhase section */
		989ECDE32443EE0800B5D8A7 /* Frameworks */ = {
			isa = PBXFrameworksBuildPhase;
			buildActionMask = 2147483647;
			files = (
				64D95EE529A167690076CD31 /* RCoordinator in Frameworks */,
			);
			runOnlyForDeploymentPostprocessing = 0;
		};
/* End PBXFrameworksBuildPhase section */

/* Begin PBXGroup section */
		64D95EE329A167690076CD31 /* Frameworks */ = {
			isa = PBXGroup;
			children = (
			);
			name = Frameworks;
			sourceTree = "<group>";
		};
		64D95EE829A1A5F80076CD31 /* Coordinator */ = {
			isa = PBXGroup;
			children = (
				64D95EE929A1A6050076CD31 /* Events */,
				989ECE012443F0CE00B5D8A7 /* HomeCoordinator.swift */,
			);
			path = Coordinator;
			sourceTree = "<group>";
		};
		64D95EE929A1A6050076CD31 /* Events */ = {
			isa = PBXGroup;
			children = (
				64D95EE629A16A330076CD31 /* SampleEvents.swift */,
			);
			path = Events;
			sourceTree = "<group>";
		};
		64D95EEA29A1A6A50076CD31 /* Controllers */ = {
			isa = PBXGroup;
			children = (
				64D95EEE29A1AB750076CD31 /* Views */,
				989ECDED2443EE0800B5D8A7 /* HomeViewController.swift */,
				989ECE052443F50300B5D8A7 /* BuyViewController.swift */,
				989ECE072443F51300B5D8A7 /* CreateAccountViewController.swift */,
			);
			path = Controllers;
			sourceTree = "<group>";
		};
		64D95EEE29A1AB750076CD31 /* Views */ = {
			isa = PBXGroup;
			children = (
				64D95EEF29A1AB890076CD31 /* HomeView.swift */,
				64D95EF129A1B14F0076CD31 /* CreateAccountView.swift */,
			);
			path = Views;
			sourceTree = "<group>";
		};
		989ECDDD2443EE0800B5D8A7 = {
			isa = PBXGroup;
			children = (
				64D95EE229A150A70076CD31 /* RCoordinator */,
				989ECDE82443EE0800B5D8A7 /* CoordinatorsSample */,
				989ECDE72443EE0800B5D8A7 /* Products */,
				64D95EE329A167690076CD31 /* Frameworks */,
			);
			sourceTree = "<group>";
		};
		989ECDE72443EE0800B5D8A7 /* Products */ = {
			isa = PBXGroup;
			children = (
				989ECDE62443EE0800B5D8A7 /* CoordinatorsSample.app */,
			);
			name = Products;
			sourceTree = "<group>";
		};
		989ECDE82443EE0800B5D8A7 /* CoordinatorsSample */ = {
			isa = PBXGroup;
			children = (
				64D95EEA29A1A6A50076CD31 /* Controllers */,
				64D95EE829A1A5F80076CD31 /* Coordinator */,
				989ECDE92443EE0800B5D8A7 /* AppDelegate.swift */,
				989ECDEB2443EE0800B5D8A7 /* SceneDelegate.swift */,
				989ECDF22443EE0B00B5D8A7 /* Assets.xcassets */,
				989ECDF72443EE0B00B5D8A7 /* Info.plist */,
			);
			path = CoordinatorsSample;
			sourceTree = "<group>";
		};
/* End PBXGroup section */

/* Begin PBXNativeTarget section */
		989ECDE52443EE0800B5D8A7 /* CoordinatorsSample */ = {
			isa = PBXNativeTarget;
			buildConfigurationList = 989ECDFA2443EE0B00B5D8A7 /* Build configuration list for PBXNativeTarget "CoordinatorsSample" */;
			buildPhases = (
				989ECDE22443EE0800B5D8A7 /* Sources */,
				989ECDE32443EE0800B5D8A7 /* Frameworks */,
				989ECDE42443EE0800B5D8A7 /* Resources */,
			);
			buildRules = (
			);
			dependencies = (
			);
			name = CoordinatorsSample;
			packageProductDependencies = (
				64D95EE429A167690076CD31 /* RCoordinator */,
			);
			productName = CoordinatorsSample;
			productReference = 989ECDE62443EE0800B5D8A7 /* CoordinatorsSample.app */;
			productType = "com.apple.product-type.application";
		};
/* End PBXNativeTarget section */

/* Begin PBXProject section */
		989ECDDE2443EE0800B5D8A7 /* Project object */ = {
			isa = PBXProject;
			attributes = {
				LastSwiftUpdateCheck = 1130;
				LastUpgradeCheck = 1130;
				ORGANIZATIONNAME = "TBD-patrichel";
				TargetAttributes = {
					989ECDE52443EE0800B5D8A7 = {
						CreatedOnToolsVersion = 11.3;
					};
				};
			};
			buildConfigurationList = 989ECDE12443EE0800B5D8A7 /* Build configuration list for PBXProject "CoordinatorsSample" */;
			compatibilityVersion = "Xcode 9.3";
			developmentRegion = en;
			hasScannedForEncodings = 0;
			knownRegions = (
				en,
				Base,
			);
			mainGroup = 989ECDDD2443EE0800B5D8A7;
			productRefGroup = 989ECDE72443EE0800B5D8A7 /* Products */;
			projectDirPath = "";
			projectRoot = "";
			targets = (
				989ECDE52443EE0800B5D8A7 /* CoordinatorsSample */,
			);
		};
/* End PBXProject section */

/* Begin PBXResourcesBuildPhase section */
		989ECDE42443EE0800B5D8A7 /* Resources */ = {
			isa = PBXResourcesBuildPhase;
			buildActionMask = 2147483647;
			files = (
				989ECDF32443EE0B00B5D8A7 /* Assets.xcassets in Resources */,
			);
			runOnlyForDeploymentPostprocessing = 0;
		};
/* End PBXResourcesBuildPhase section */

/* Begin PBXSourcesBuildPhase section */
		989ECDE22443EE0800B5D8A7 /* Sources */ = {
			isa = PBXSourcesBuildPhase;
			buildActionMask = 2147483647;
			files = (
				989ECE022443F0CE00B5D8A7 /* HomeCoordinator.swift in Sources */,
				989ECDEE2443EE0800B5D8A7 /* HomeViewController.swift in Sources */,
				989ECE082443F51300B5D8A7 /* CreateAccountViewController.swift in Sources */,
				64D95EF229A1B14F0076CD31 /* CreateAccountView.swift in Sources */,
				64D95EE729A16A340076CD31 /* SampleEvents.swift in Sources */,
				989ECDEA2443EE0800B5D8A7 /* AppDelegate.swift in Sources */,
				989ECE062443F50300B5D8A7 /* BuyViewController.swift in Sources */,
				64D95EF029A1AB890076CD31 /* HomeView.swift in Sources */,
				989ECDEC2443EE0800B5D8A7 /* SceneDelegate.swift in Sources */,
			);
			runOnlyForDeploymentPostprocessing = 0;
		};
/* End PBXSourcesBuildPhase section */

/* Begin XCBuildConfiguration section */
		989ECDF82443EE0B00B5D8A7 /* Debug */ = {
			isa = XCBuildConfiguration;
			buildSettings = {
				ALWAYS_SEARCH_USER_PATHS = NO;
				CLANG_ANALYZER_NONNULL = YES;
				CLANG_ANALYZER_NUMBER_OBJECT_CONVERSION = YES_AGGRESSIVE;
				CLANG_CXX_LANGUAGE_STANDARD = "gnu++14";
				CLANG_CXX_LIBRARY = "libc++";
				CLANG_ENABLE_MODULES = YES;
				CLANG_ENABLE_OBJC_ARC = YES;
				CLANG_ENABLE_OBJC_WEAK = YES;
				CLANG_WARN_BLOCK_CAPTURE_AUTORELEASING = YES;
				CLANG_WARN_BOOL_CONVERSION = YES;
				CLANG_WARN_COMMA = YES;
				CLANG_WARN_CONSTANT_CONVERSION = YES;
				CLANG_WARN_DEPRECATED_OBJC_IMPLEMENTATIONS = YES;
				CLANG_WARN_DIRECT_OBJC_ISA_USAGE = YES_ERROR;
				CLANG_WARN_DOCUMENTATION_COMMENTS = YES;
				CLANG_WARN_EMPTY_BODY = YES;
				CLANG_WARN_ENUM_CONVERSION = YES;
				CLANG_WARN_INFINITE_RECURSION = YES;
				CLANG_WARN_INT_CONVERSION = YES;
				CLANG_WARN_NON_LITERAL_NULL_CONVERSION = YES;
				CLANG_WARN_OBJC_IMPLICIT_RETAIN_SELF = YES;
				CLANG_WARN_OBJC_LITERAL_CONVERSION = YES;
				CLANG_WARN_OBJC_ROOT_CLASS = YES_ERROR;
				CLANG_WARN_RANGE_LOOP_ANALYSIS = YES;
				CLANG_WARN_STRICT_PROTOTYPES = YES;
				CLANG_WARN_SUSPICIOUS_MOVE = YES;
				CLANG_WARN_UNGUARDED_AVAILABILITY = YES_AGGRESSIVE;
				CLANG_WARN_UNREACHABLE_CODE = YES;
				CLANG_WARN__DUPLICATE_METHOD_MATCH = YES;
				COPY_PHASE_STRIP = NO;
				DEBUG_INFORMATION_FORMAT = dwarf;
				ENABLE_STRICT_OBJC_MSGSEND = YES;
				ENABLE_TESTABILITY = YES;
				GCC_C_LANGUAGE_STANDARD = gnu11;
				GCC_DYNAMIC_NO_PIC = NO;
				GCC_NO_COMMON_BLOCKS = YES;
				GCC_OPTIMIZATION_LEVEL = 0;
				GCC_PREPROCESSOR_DEFINITIONS = (
					"DEBUG=1",
					"$(inherited)",
				);
				GCC_WARN_64_TO_32_BIT_CONVERSION = YES;
				GCC_WARN_ABOUT_RETURN_TYPE = YES_ERROR;
				GCC_WARN_UNDECLARED_SELECTOR = YES;
				GCC_WARN_UNINITIALIZED_AUTOS = YES_AGGRESSIVE;
				GCC_WARN_UNUSED_FUNCTION = YES;
				GCC_WARN_UNUSED_VARIABLE = YES;
				IPHONEOS_DEPLOYMENT_TARGET = 13.2;
				MTL_ENABLE_DEBUG_INFO = INCLUDE_SOURCE;
				MTL_FAST_MATH = YES;
				ONLY_ACTIVE_ARCH = YES;
				SDKROOT = iphoneos;
				SWIFT_ACTIVE_COMPILATION_CONDITIONS = DEBUG;
				SWIFT_OPTIMIZATION_LEVEL = "-Onone";
			};
			name = Debug;
		};
		989ECDF92443EE0B00B5D8A7 /* Release */ = {
			isa = XCBuildConfiguration;
			buildSettings = {
				ALWAYS_SEARCH_USER_PATHS = NO;
				CLANG_ANALYZER_NONNULL = YES;
				CLANG_ANALYZER_NUMBER_OBJECT_CONVERSION = YES_AGGRESSIVE;
				CLANG_CXX_LANGUAGE_STANDARD = "gnu++14";
				CLANG_CXX_LIBRARY = "libc++";
				CLANG_ENABLE_MODULES = YES;
				CLANG_ENABLE_OBJC_ARC = YES;
				CLANG_ENABLE_OBJC_WEAK = YES;
				CLANG_WARN_BLOCK_CAPTURE_AUTORELEASING = YES;
				CLANG_WARN_BOOL_CONVERSION = YES;
				CLANG_WARN_COMMA = YES;
				CLANG_WARN_CONSTANT_CONVERSION = YES;
				CLANG_WARN_DEPRECATED_OBJC_IMPLEMENTATIONS = YES;
				CLANG_WARN_DIRECT_OBJC_ISA_USAGE = YES_ERROR;
				CLANG_WARN_DOCUMENTATION_COMMENTS = YES;
				CLANG_WARN_EMPTY_BODY = YES;
				CLANG_WARN_ENUM_CONVERSION = YES;
				CLANG_WARN_INFINITE_RECURSION = YES;
				CLANG_WARN_INT_CONVERSION = YES;
				CLANG_WARN_NON_LITERAL_NULL_CONVERSION = YES;
				CLANG_WARN_OBJC_IMPLICIT_RETAIN_SELF = YES;
				CLANG_WARN_OBJC_LITERAL_CONVERSION = YES;
				CLANG_WARN_OBJC_ROOT_CLASS = YES_ERROR;
				CLANG_WARN_RANGE_LOOP_ANALYSIS = YES;
				CLANG_WARN_STRICT_PROTOTYPES = YES;
				CLANG_WARN_SUSPICIOUS_MOVE = YES;
				CLANG_WARN_UNGUARDED_AVAILABILITY = YES_AGGRESSIVE;
				CLANG_WARN_UNREACHABLE_CODE = YES;
				CLANG_WARN__DUPLICATE_METHOD_MATCH = YES;
				COPY_PHASE_STRIP = NO;
				DEBUG_INFORMATION_FORMAT = "dwarf-with-dsym";
				ENABLE_NS_ASSERTIONS = NO;
				ENABLE_STRICT_OBJC_MSGSEND = YES;
				GCC_C_LANGUAGE_STANDARD = gnu11;
				GCC_NO_COMMON_BLOCKS = YES;
				GCC_WARN_64_TO_32_BIT_CONVERSION = YES;
				GCC_WARN_ABOUT_RETURN_TYPE = YES_ERROR;
				GCC_WARN_UNDECLARED_SELECTOR = YES;
				GCC_WARN_UNINITIALIZED_AUTOS = YES_AGGRESSIVE;
				GCC_WARN_UNUSED_FUNCTION = YES;
				GCC_WARN_UNUSED_VARIABLE = YES;
				IPHONEOS_DEPLOYMENT_TARGET = 13.2;
				MTL_ENABLE_DEBUG_INFO = NO;
				MTL_FAST_MATH = YES;
				SDKROOT = iphoneos;
				SWIFT_COMPILATION_MODE = wholemodule;
				SWIFT_OPTIMIZATION_LEVEL = "-O";
				VALIDATE_PRODUCT = YES;
			};
			name = Release;
		};
		989ECDFB2443EE0B00B5D8A7 /* Debug */ = {
			isa = XCBuildConfiguration;
			buildSettings = {
				ASSETCATALOG_COMPILER_APPICON_NAME = AppIcon;
				CODE_SIGN_STYLE = Automatic;
				DEVELOPMENT_TEAM = 5Z67258WU3;
				INFOPLIST_FILE = CoordinatorsSample/Info.plist;
				IPHONEOS_DEPLOYMENT_TARGET = 12.1;
				LD_RUNPATH_SEARCH_PATHS = (
					"$(inherited)",
					"@executable_path/Frameworks",
				);
				PRODUCT_BUNDLE_IDENTIFIER = com.tbd.patrichel.CoordinatorsSample;
				PRODUCT_NAME = "$(TARGET_NAME)";
				SWIFT_VERSION = 5.0;
				TARGETED_DEVICE_FAMILY = "1,2";
			};
			name = Debug;
		};
		989ECDFC2443EE0B00B5D8A7 /* Release */ = {
			isa = XCBuildConfiguration;
			buildSettings = {
				ASSETCATALOG_COMPILER_APPICON_NAME = AppIcon;
				CODE_SIGN_STYLE = Automatic;
				DEVELOPMENT_TEAM = 5Z67258WU3;
				INFOPLIST_FILE = CoordinatorsSample/Info.plist;
				IPHONEOS_DEPLOYMENT_TARGET = 12.1;
				LD_RUNPATH_SEARCH_PATHS = (
					"$(inherited)",
					"@executable_path/Frameworks",
				);
				PRODUCT_BUNDLE_IDENTIFIER = com.tbd.patrichel.CoordinatorsSample;
				PRODUCT_NAME = "$(TARGET_NAME)";
				SWIFT_VERSION = 5.0;
				TARGETED_DEVICE_FAMILY = "1,2";
			};
			name = Release;
		};
/* End XCBuildConfiguration section */

/* Begin XCConfigurationList section */
		989ECDE12443EE0800B5D8A7 /* Build configuration list for PBXProject "CoordinatorsSample" */ = {
			isa = XCConfigurationList;
			buildConfigurations = (
				989ECDF82443EE0B00B5D8A7 /* Debug */,
				989ECDF92443EE0B00B5D8A7 /* Release */,
			);
			defaultConfigurationIsVisible = 0;
			defaultConfigurationName = Release;
		};
		989ECDFA2443EE0B00B5D8A7 /* Build configuration list for PBXNativeTarget "CoordinatorsSample" */ = {
			isa = XCConfigurationList;
			buildConfigurations = (
				989ECDFB2443EE0B00B5D8A7 /* Debug */,
				989ECDFC2443EE0B00B5D8A7 /* Release */,
			);
			defaultConfigurationIsVisible = 0;
			defaultConfigurationName = Release;
		};
/* End XCConfigurationList section */

/* Begin XCSwiftPackageProductDependency section */
		64D95EE429A167690076CD31 /* RCoordinator */ = {
			isa = XCSwiftPackageProductDependency;
			productName = RCoordinator;
		};
/* End XCSwiftPackageProductDependency section */
	};
	rootObject = 989ECDDE2443EE0800B5D8A7 /* Project object */;
}
